---
lockfileVersion: '9.0'

importers:

  .:
    configDependencies: {}
    packageManagerDependencies:
      pnpm:
        specifier: 12.8.1
        version: 12.8.1

packages:

  '@pnpm/exe.android-arm64@12.8.1':
    resolution: {integrity: sha512-siDxcidfz5eM6L2tJfik+i2bbUEw8UC7MZ3Yl2HYdRmqbdhHGAOQACtOOu6QVW4Jul4/w5wVKm+wM8ACtgh1Pg==}
    cpu: [arm64]
    os: [android]

  '@pnpm/exe.android-x64@12.8.1':
    resolution: {integrity: sha512-0F/uqPRc3aN4vLHsa0f+6fTtmsigFQ9/yxEU43fionF//pNHEd5e97b3w/nKIgqYMCUQCJphmBRMA9Q8/wlo9Q==}
    cpu: [x64]
    os: [android]

  '@pnpm/exe.darwin-arm64@12.8.1':
    resolution: {integrity: sha512-/rwavvMQJsl2RIxOHBnDF+4Gk+fhQFAY4M3PQZoKskJOEnaJcygG9p1xby6wcQcbS4d9dIubv09CQhufTgfmpw==}
    cpu: [arm64]
    os: [darwin]

  '@pnpm/exe.darwin-x64@12.8.1':
    resolution: {integrity: sha512-htYt2gN7zqJKLhC99Ft6EUiO7myjZAZXfmGCTJUL1v+o7vE9hZdE1+fAkk4Oj1ZHNRti6b2woOxEkRkAusi8OQ==}
    cpu: [x64]
    os: [darwin]

  '@pnpm/exe.freebsd-x64@12.8.1':
    resolution: {integrity: sha512-PB5BULNgytxvExoOXUUeseS/DcpPENs+cg3iA6xHHeaLT4ctEGKSGXEbuj7USeqvo8JBpAx039hivnbzGqDwnA==}
    cpu: [x64]
    os: [freebsd]

  '@pnpm/exe.linux-arm64-musl@12.8.1':
    resolution: {integrity: sha512-kKeyC/ArjrgdciQRBrOL0j9HtOI4gDRgoyP+eJ1CQKyadpKlf/DhDDyspXe07R3B9KagTVLUF2nlt6Dr5quFIg==}
    cpu: [arm64]
    os: [linux]
    libc: [musl]

  '@pnpm/exe.linux-arm64@12.8.1':
    resolution: {integrity: sha512-q4s9a9X2O3N9aeUFooW24orNrxvu20+jyVUFR5RanPCqOKKPBrgs2iywMkBBx1aXkkzdWT54/mfz8Be8sJlWEw==}
    cpu: [arm64]
    os: [linux]
    libc: [glibc]

  '@pnpm/exe.linux-ppc64@12.8.1':
    resolution: {integrity: sha512-F7XSjKJthwCh/L6abZiMpAfo2Cm61SZIT3e4dfgiIjESndlWaXCnfLKngSgZ/SEMsdmHT6dud3+kWIB3tw0/xQ==}
    cpu: [ppc64]
    os: [linux]
    libc: [glibc]

  '@pnpm/exe.linux-riscv64@12.8.1':
    resolution: {integrity: sha512-z1ecpIK/ZY08Unk69KWWE9867oaKUytGUjrHnBoGFAAhsK+q+0cfvBH+f5fWobJ7FX97leMlLO+gkJolddM45Q==}
    cpu: [riscv64]
    os: [linux]
    libc: [glibc]

  '@pnpm/exe.linux-s390x@12.8.1':
    resolution: {integrity: sha512-KU6tnrBfu4uKXTq6N5qJwSm8FSrs9Wc8b5AUEsHK9bRXwNdsZ1/lRxG1++X29SKRW9OSNuDSjxASv5mAvGo1gA==}
    cpu: [s390x]
    os: [linux]
    libc: [glibc]

  '@pnpm/exe.linux-x64-musl@12.8.1':
    resolution: {integrity: sha512-eUE8BWJkDr2tJb/yrk0yVnszlmNqFarVxUlqiZ9BAkct28Nq/5g2H0tvMDmPA7fAQW3STNj+omJPPRVT+4s5sQ==}
    cpu: [x64]
    os: [linux]
    libc: [musl]

  '@pnpm/exe.linux-x64@12.8.1':
    resolution: {integrity: sha512-8bDZ0lZlCdi2rvnFul7EYgcC7zKeWSe76y8JV2oXobaS8p9i9d6PSf6LgLtTM0fI7R9Oh4eLCbveXyNDMmvZ+g==}
    cpu: [x64]
    os: [linux]
    libc: [glibc]

  '@pnpm/exe.win32-arm64@12.8.1':
    resolution: {integrity: sha512-MsT0dlrRxnCRCHCaosNbhWpEiAFnFuMEu3KuDJDU41BXgTwiINxU8goloUSUDejWZUqKaUqNC/qUTihl9nFtqg==}
    cpu: [arm64]
    os: [win32]

  '@pnpm/exe.win32-x64@12.8.1':
    resolution: {integrity: sha512-SWtPe0PsbTTk//gJND10tMdOfCYjrkq5+qV49hzVhY7xz2iJ339Rc+xwASlcvbwTfrvH39YNqpKYibD+CRGLwA==}
    cpu: [x64]
    os: [win32]

  pnpm@12.8.1:
    resolution: {integrity: sha512-9kupB1B/XOr+BsjTjmBS0BeURFgOwSed3Vv8EctIqoomRLZlmOB+dh2oSHKp/FfV+QK4f6SdAkGY1VhhKqu+RQ==}
    engines: {node: '>=18.*'}
    hasBin: true

snapshots:

  '@pnpm/exe.android-arm64@12.8.1':
    optional: true

  '@pnpm/exe.android-x64@12.8.1':
    optional: true

  '@pnpm/exe.darwin-arm64@12.8.1':
    optional: true

  '@pnpm/exe.darwin-x64@12.8.1':
    optional: true

  '@pnpm/exe.freebsd-x64@12.8.1':
    optional: true

  '@pnpm/exe.linux-arm64-musl@12.8.1':
    optional: true

  '@pnpm/exe.linux-arm64@12.8.1':
    optional: true

  '@pnpm/exe.linux-ppc64@12.8.1':
    optional: true

  '@pnpm/exe.linux-riscv64@12.8.1':
    optional: true

  '@pnpm/exe.linux-s390x@12.8.1':
    optional: true

  '@pnpm/exe.linux-x64-musl@12.8.1':
    optional: true

  '@pnpm/exe.linux-x64@12.8.1':
    optional: true

  '@pnpm/exe.win32-arm64@12.8.1':
    optional: true

  '@pnpm/exe.win32-x64@12.8.1':
    optional: true

  pnpm@12.8.1:
    optionalDependencies:
      '@pnpm/exe.android-arm64': 12.8.1
      '@pnpm/exe.android-x64': 12.8.1
      '@pnpm/exe.darwin-arm64': 12.8.1
      '@pnpm/exe.darwin-x64': 12.8.1
      '@pnpm/exe.freebsd-x64': 12.8.1
      '@pnpm/exe.linux-arm64': 12.8.1
      '@pnpm/exe.linux-arm64-musl': 12.8.1
      '@pnpm/exe.linux-ppc64': 12.8.1
      '@pnpm/exe.linux-riscv64': 12.8.1
      '@pnpm/exe.linux-s390x': 12.8.1
      '@pnpm/exe.linux-x64': 12.8.1
      '@pnpm/exe.linux-x64-musl': 12.8.1
      '@pnpm/exe.win32-arm64': 12.8.1
      '@pnpm/exe.win32-x64': 12.8.1

---
lockfileVersion: '9.0'

settings:
  autoInstallPeers: true
  excludeLinksFromLockfile: false

importers:

  .:
    dependencies:
      defu:
        specifier: ^6.1.7
        version: 6.1.7
      satteri:
        specifier: ^0.10.5
        version: 0.10.5
    devDependencies:
      dedent:
        specifier: ^1.7.2
        version: 1.7.2
      github-slugger:
        specifier: ^2.0.0
        version: 2.0.0

packages:

  '@bruits/satteri-darwin-arm64@0.10.5':
    resolution: {integrity: sha512-27KTVl4TJkVahMy/ohyA7qd4938G5UNneFUz/PsScYfpIhj0IVAS23mpcJXdPF44sa6nva198lmV/cKIb2YPyA==}
    cpu: [arm64]
    os: [darwin]

  '@bruits/satteri-darwin-x64@0.10.5':
    resolution: {integrity: sha512-IjnLe3nKspq6qaeqGgjT7MT8VrTV74yWRlaag7ZdNsI8TDAYZ0iPxMCo+9KQZHUk5EyVB+reBI/PFWL5KuFw9Q==}
    cpu: [x64]
    os: [darwin]

  '@bruits/satteri-linux-arm64-gnu@0.10.5':
    resolution: {integrity: sha512-glkYXZCJywjP13v67eAyAMSJdF+ncvEbYvgi/wOtffL9tQ27lr/zsyzUfgs+ovjJ9d8JNQKiXeiArJcX8PJL9w==}
    cpu: [arm64]
    os: [linux]
    libc: [glibc]

  '@bruits/satteri-linux-arm64-musl@0.10.5':
    resolution: {integrity: sha512-yWdgG1g17Nh2QyGVlFUxGRa3FEFwiMcpZEyMNWkbM3deC94cmVc+/i9OuyFpdKuWo3GkgoCtYVOoxk1uCnCZIA==}
    cpu: [arm64]
    os: [linux]
    libc: [musl]

  '@bruits/satteri-linux-x64-gnu@0.10.5':
    resolution: {integrity: sha512-FVaLoPT1fBgGl0J+AYebyyXJYBachGl8Oyyrf1lye4RTqCB4S0Gwkj1uM9RJyThUOvx5VUmAT1CnNh1SFHA+kw==}
    cpu: [x64]
    os: [linux]
    libc: [glibc]

  '@bruits/satteri-linux-x64-musl@0.10.5':
    resolution: {integrity: sha512-EHpVAx2bqW3GINHTKkljtxVfQmVDGWIuwOYOP5YghTj+0PkBa2o8oKPRtQ9Kbsr1Fye8jtUcDjhwj2jMNugZKg==}
    cpu: [x64]
    os: [linux]
    libc: [musl]

  '@bruits/satteri-wasm32-wasi@0.10.5':
    resolution: {integrity: sha512-ypz8c/Zmipxp4IoeDa228Gstv6TLzVmNs3yC6wKCoNSOjx1iwpgzu87Y3hTkXFdwChVGU85qeUDuOIarGUZQLw==}
    engines: {node: '>=14.0.0'}
    cpu: [wasm32]

  '@bruits/satteri-win32-arm64-msvc@0.10.5':
    resolution: {integrity: sha512-siTV88nb0LRqNpkL2gXboqCwVdq95sLtzMHS1/3eONV2gLbB3NAK46wmSMvCO/yquBvI2lvaFIfd8P12ecsxBw==}
    cpu: [arm64]
    os: [win32]

  '@bruits/satteri-win32-x64-msvc@0.10.5':
    resolution: {integrity: sha512-C3IfPvfvMXmlzBxaMPKFS1XiuV9pu2mC7YqkPk7PSvTgPZ8gbdASIpHpztDLvTTQjqZ0z1Ol8tK5X+V6XXC0wQ==}
    cpu: [x64]
    os: [win32]

  '@emnapi/core@1.11.1':
    resolution: {integrity: sha512-RSvbQmHzdKzNsLYa/wHrbc3KN4sYLKAdPZxqiM2HATqv/SBk2/ENSHpvXGaLOMcsAyz0poEGqkmmKYG3OWiJEQ==}

  '@emnapi/runtime@1.11.1':
    resolution: {integrity: sha512-vgj7R3y3Wgx24IQaGPA/R6YFXLHVMOZ0uVEyIQPaWs+rd1AzfEMXlAC22FYwO1XkKR6NPsq7mUandH8oIRdZFw==}

  '@emnapi/wasi-threads@1.2.2':
    resolution: {integrity: sha512-c95qOXkHdydNKhscBTebqEC1CVAZpyqOfVfBzQ1qgzyl3gfeldUjIggDbIZgDKsHLgnsM+igH7TJ/eAasaVuMA==}

  '@napi-rs/wasm-runtime@1.2.4':
    resolution: {integrity: sha512-AJxoUD2/15ESHbvpcyjU274nsAPLuOtPHCk0vKJM5pj//Fg/B1FXNWjPnXTT9PymCYYiHo4zPj0ZomXBKhoy7g==}
    engines: {node: ^20.19.0 || ^22.13.0 || >=23.5.0}
    peerDependencies:
      '@emnapi/core': ^1.7.1 || ^2.0.0-alpha.4
      '@emnapi/runtime': ^1.7.1 || ^2.0.0-alpha.4

  '@tybys/wasm-util@0.10.4':
    resolution: {integrity: sha512-W3c4gRigFS0T/Ma4qIYF3GDAc5AQdHb1yL5znJT1Zv1YaD9Kitx656wBjvr19qbiosmZT8lWDM5BEMynUqX65A==}

  '@types/estree-jsx@1.0.5':
    resolution: {integrity: sha512-52CcUVNFyfb1A2ALocQw/Dd1BQFNmSdkuC3BkZ6iqhdMfQz7JWOFRuJFloOzjk+6WijU56m9oKXFAXc7o3Towg==}

  '@types/estree@1.0.9':
    resolution: {integrity: sha512-GhdPgy1el4/ImP05X05Uw4cw2/M93BCUmnEvWZNStlCzEKME4Fkk+YpoA5OiHNQmoS7Cafb8Xa3Pya8m1Qrzeg==}

  '@types/hast@3.0.5':
    resolution: {integrity: sha512-rp/ezSWaD1m44dPKICGhiskI13nVr7qTloFwDa/IYkhhf5nzwP+zIQcIJh3WIFSBOy/H1PzB40jPjMDksN4F+g==}

  '@types/mdast@4.0.4':
    resolution: {integrity: sha512-kGaNbPh1k7AFzgpud/gMdvIm5xuECykRR+JnWKQno9TAXVa6WIVCGTPvYGekIDL4uwCZQSYbUxNBSb1aUo79oA==}

  '@types/unist@3.0.3':
    resolution: {integrity: sha512-ko/gIFJRv177XgZsZcBwnqJN5x/Gien8qNOn0D5bQU/zAzVf9Zt3BlcUiLqhV9y4ARk0GbT3tnUiPNgnTXzc/Q==}

  dedent@1.7.2:
    resolution: {integrity: sha512-WzMx3mW98SN+zn3hgemf4OzdmyNhhhKz5Ay0pUfQiMQ3e1g+xmTJWp/pKdwKVXhdSkAEGIIzqeuWrL3mV/AXbA==}
    peerDependencies:
      babel-plugin-macros: ^3.1.0
    peerDependenciesMeta:
      babel-plugin-macros:
        optional: true

  defu@6.1.7:
    resolution: {integrity: sha512-7z22QmUWiQ/2d0KkdYmANbRUVABpZ9SNYyH5vx6PZ+nE5bcC0l7uFvEfHlyld/HcGBFTL536ClDt3DEcSlEJAQ==}

  github-slugger@2.0.0:
    resolution: {integrity: sha512-IaOQ9puYtjrkq7Y0Ygl9KDZnrf/aiUJYUpVf89y8kyaxbRG7Y1SrX/jaumrv81vc61+kiMempujsM3Yw7w5qcw==}

  satteri@0.10.5:
    resolution: {integrity: sha512-Ao1LKpAEa9Wdg0otgbVKViZHEq9ebdXe4DMrp3s9vQAU0HNIuHnFEuMuOcm0ZIXyV0Yzxj91NvhLpvXZJO/5ZQ==}

  tslib@2.8.1:
    resolution: {integrity: sha512-oJFu94HQb+KVduSUQL7wnpmqnfmLsOA/nAh6b6EH0wCEoK0/mPeXU6c3wKDV83MkOuHPRHtSXKKU99IBazS/2w==}

snapshots:

  '@bruits/satteri-darwin-arm64@0.10.5':
    optional: true

  '@bruits/satteri-darwin-x64@0.10.5':
    optional: true

  '@bruits/satteri-linux-arm64-gnu@0.10.5':
    optional: true

  '@bruits/satteri-linux-arm64-musl@0.10.5':
    optional: true

  '@bruits/satteri-linux-x64-gnu@0.10.5':
    optional: true

  '@bruits/satteri-linux-x64-musl@0.10.5':
    optional: true

  '@bruits/satteri-wasm32-wasi@0.10.5':
    dependencies:
      '@emnapi/core': 1.11.1
      '@emnapi/runtime': 1.11.1
      '@napi-rs/wasm-runtime': 1.2.4(@emnapi/core@1.11.1)(@emnapi/runtime@1.11.1)
    optional: true

  '@bruits/satteri-win32-arm64-msvc@0.10.5':
    optional: true

  '@bruits/satteri-win32-x64-msvc@0.10.5':
    optional: true

  '@emnapi/core@1.11.1':
    dependencies:
      '@emnapi/wasi-threads': 1.2.2
      tslib: 2.8.1
    optional: true

  '@emnapi/runtime@1.11.1':
    dependencies:
      tslib: 2.8.1
    optional: true

  '@emnapi/wasi-threads@1.2.2':
    dependencies:
      tslib: 2.8.1
    optional: true

  '@napi-rs/wasm-runtime@1.2.4(@emnapi/core@1.11.1)(@emnapi/runtime@1.11.1)':
    dependencies:
      '@emnapi/core': 1.11.1
      '@emnapi/runtime': 1.11.1
      '@tybys/wasm-util': 0.10.4
    optional: true

  '@tybys/wasm-util@0.10.4':
    dependencies:
      tslib: 2.8.1
    optional: true

  '@types/estree-jsx@1.0.5':
    dependencies:
      '@types/estree': 1.0.9

  '@types/estree@1.0.9': {}

  '@types/hast@3.0.5':
    dependencies:
      '@types/unist': 3.0.3

  '@types/mdast@4.0.4':
    dependencies:
      '@types/unist': 3.0.3

  '@types/unist@3.0.3': {}

  dedent@1.7.2: {}

  defu@6.1.7: {}

  github-slugger@2.0.0: {}

  satteri@0.10.5:
    dependencies:
      '@types/estree-jsx': 1.0.5
      '@types/hast': 3.0.5
      '@types/mdast': 4.0.4
      '@types/unist': 3.0.3
    optionalDependencies:
      '@bruits/satteri-darwin-arm64': 0.10.5
      '@bruits/satteri-darwin-x64': 0.10.5
      '@bruits/satteri-linux-arm64-gnu': 0.10.5
      '@bruits/satteri-linux-arm64-musl': 0.10.5
      '@bruits/satteri-linux-x64-gnu': 0.10.5
      '@bruits/satteri-linux-x64-musl': 0.10.5
      '@bruits/satteri-wasm32-wasi': 0.10.5
      '@bruits/satteri-win32-arm64-msvc': 0.10.5
      '@bruits/satteri-win32-x64-msvc': 0.10.5

  tslib@2.8.1:
    optional: true
